
Microsoft Visual Studio Solution File, Format Version 12.00
# Visual Studio Version 17
VisualStudioVersion = 17.4.33403.182
MinimumVisualStudioVersion = 10.0.40219.1
Project("{FAE04EC0-301F-11D3-BF4B-00C04F79EFBC}") = "Cember", "Çember_OPP\Cember.csproj", "{93258563-9EF2-4EE7-849C-ED0B573E7CBE}"
EndProject
Project("{FAE04EC0-301F-11D3-BF4B-00C04F79EFBC}") = "Dortgen", "Dikdortgen\Dortgen.csproj", "{79ADA5B9-C25B-498D-BC5C-FBD22FC696AD}"
EndProject
Global
	GlobalSection(SolutionConfigurationPlatforms) = preSolution
		Debug|Any CPU = Debug|Any CPU
		Release|Any CPU = Release|Any CPU
	EndGlobalSection
	GlobalSection(ProjectConfigurationPlatforms) = postSolution
		{93258563-9EF2-4EE7-849C-ED0B573E7CBE}.Debug|Any CPU.ActiveCfg = Debug|Any CPU
		{93258563-9EF2-4EE7-849C-ED0B573E7CBE}.Debug|Any CPU.Build.0 = Debug|Any CPU
		{93258563-9EF2-4EE7-849C-ED0B573E7CBE}.Release|Any CPU.ActiveCfg = Release|Any CPU
		{93258563-9EF2-4EE7-849C-ED0B573E7CBE}.Release|Any CPU.Build.0 = Release|Any CPU
		{79ADA5B9-C25B-498D-BC5C-FBD22FC696AD}.Debug|Any CPU.ActiveCfg = Debug|Any CPU
		{79ADA5B9-C25B-498D-BC5C-FBD22FC696AD}.Debug|Any CPU.Build.0 = Debug|Any CPU
		{79ADA5B9-C25B-498D-BC5C-FBD22FC696AD}.Release|Any CPU.ActiveCfg = Release|Any CPU
		{79ADA5B9-C25B-498D-BC5C-FBD22FC696AD}.Release|Any CPU.Build.0 = Release|Any CPU
	EndGlobalSection
	GlobalSection(SolutionProperties) = preSolution
		HideSolutionNode = FALSE
	EndGlobalSection
	GlobalSection(ExtensibilityGlobals) = postSolution
		SolutionGuid = {F8A9CC6B-51B3-43F4-B566-C9A79361AF42}
	EndGlobalSection
EndGlobal
