
Microsoft Visual Studio Solution File, Format Version 12.00
# Visual Studio Version 17
VisualStudioVersion = 17.4.33403.182
MinimumVisualStudioVersion = 10.0.40219.1
Project("{FAE04EC0-301F-11D3-BF4B-00C04F79EFBC}") = "Soru_1", "Soru_1\Soru_1.csproj", "{2BCCCDB9-ADEA-4E4A-A60F-946D47AE102B}"
EndProject
Project("{FAE04EC0-301F-11D3-BF4B-00C04F79EFBC}") = "Soru_2", "Soru_2\Soru_2.csproj", "{55A89038-C2CC-481D-AE8E-7448E2C8C24C}"
EndProject
Project("{FAE04EC0-301F-11D3-BF4B-00C04F79EFBC}") = "Soru_3", "Soru_3\Soru_3.csproj", "{ECC39784-A320-4ECE-AA82-EFF2CF7ADC50}"
EndProject
Project("{FAE04EC0-301F-11D3-BF4B-00C04F79EFBC}") = "Soru_4", "Soru_4\Soru_4.csproj", "{9D0A4B7F-273A-4749-8211-360A563DDA57}"
EndProject
Project("{FAE04EC0-301F-11D3-BF4B-00C04F79EFBC}") = "Soru_5", "Soru_5\Soru_5.csproj", "{F6A58313-8DA2-45CF-9BE0-9BFBD230B19A}"
EndProject
Global
	GlobalSection(SolutionConfigurationPlatforms) = preSolution
		Debug|Any CPU = Debug|Any CPU
		Release|Any CPU = Release|Any CPU
	EndGlobalSection
	GlobalSection(ProjectConfigurationPlatforms) = postSolution
		{2BCCCDB9-ADEA-4E4A-A60F-946D47AE102B}.Debug|Any CPU.ActiveCfg = Debug|Any CPU
		{2BCCCDB9-ADEA-4E4A-A60F-946D47AE102B}.Debug|Any CPU.Build.0 = Debug|Any CPU
		{2BCCCDB9-ADEA-4E4A-A60F-946D47AE102B}.Release|Any CPU.ActiveCfg = Release|Any CPU
		{2BCCCDB9-ADEA-4E4A-A60F-946D47AE102B}.Release|Any CPU.Build.0 = Release|Any CPU
		{55A89038-C2CC-481D-AE8E-7448E2C8C24C}.Debug|Any CPU.ActiveCfg = Debug|Any CPU
		{55A89038-C2CC-481D-AE8E-7448E2C8C24C}.Debug|Any CPU.Build.0 = Debug|Any CPU
		{55A89038-C2CC-481D-AE8E-7448E2C8C24C}.Release|Any CPU.ActiveCfg = Release|Any CPU
		{55A89038-C2CC-481D-AE8E-7448E2C8C24C}.Release|Any CPU.Build.0 = Release|Any CPU
		{ECC39784-A320-4ECE-AA82-EFF2CF7ADC50}.Debug|Any CPU.ActiveCfg = Debug|Any CPU
		{ECC39784-A320-4ECE-AA82-EFF2CF7ADC50}.Debug|Any CPU.Build.0 = Debug|Any CPU
		{ECC39784-A320-4ECE-AA82-EFF2CF7ADC50}.Release|Any CPU.ActiveCfg = Release|Any CPU
		{ECC39784-A320-4ECE-AA82-EFF2CF7ADC50}.Release|Any CPU.Build.0 = Release|Any CPU
		{9D0A4B7F-273A-4749-8211-360A563DDA57}.Debug|Any CPU.ActiveCfg = Debug|Any CPU
		{9D0A4B7F-273A-4749-8211-360A563DDA57}.Debug|Any CPU.Build.0 = Debug|Any CPU
		{9D0A4B7F-273A-4749-8211-360A563DDA57}.Release|Any CPU.ActiveCfg = Release|Any CPU
		{9D0A4B7F-273A-4749-8211-360A563DDA57}.Release|Any CPU.Build.0 = Release|Any CPU
		{F6A58313-8DA2-45CF-9BE0-9BFBD230B19A}.Debug|Any CPU.ActiveCfg = Debug|Any CPU
		{F6A58313-8DA2-45CF-9BE0-9BFBD230B19A}.Debug|Any CPU.Build.0 = Debug|Any CPU
		{F6A58313-8DA2-45CF-9BE0-9BFBD230B19A}.Release|Any CPU.ActiveCfg = Release|Any CPU
		{F6A58313-8DA2-45CF-9BE0-9BFBD230B19A}.Release|Any CPU.Build.0 = Release|Any CPU
	EndGlobalSection
	GlobalSection(SolutionProperties) = preSolution
		HideSolutionNode = FALSE
	EndGlobalSection
	GlobalSection(ExtensibilityGlobals) = postSolution
		SolutionGuid = {173C3956-388D-425C-A0A5-3E76B32D1853}
	EndGlobalSection
EndGlobal
